<Solution>
  <Folder Name="/ClassicPatterns/" />
  <Folder Name="/ClassicPatterns/01CreationalPatterns/">
    <Project Path="ClassicPatterns/01CreationalPatterns/01SingletonPattern/01SingletonPattern.csproj" Id="8f88233d-5b4f-465c-b31f-a061902c2bbd" />
    <Project Path="ClassicPatterns/01CreationalPatterns/02FactoryPattern/02FactoryPattern.csproj" Id="cf31a5bc-a677-45f5-a96f-80834e74a905" />
    <Project Path="ClassicPatterns/01CreationalPatterns/03AbstractFactoryPattern/03AbstractFactoryPattern.csproj" Id="94032058-b452-44e7-8189-0878b9685d3f" />
    <Project Path="ClassicPatterns/01CreationalPatterns/04BuilderPattern/04BuilderPattern.csproj" />
    <Project Path="ClassicPatterns/01CreationalPatterns/05PrototypePattern/05PrototypePattern.csproj" Id="bda99b68-10f1-4abf-8102-d9b35de95704" />
  </Folder>
  <Folder Name="/ClassicPatterns/02StructuralPatterns/">
    <Project Path="ClassicPatterns/02StructuralPatterns/01AdapterPattern/01AdapterPattern.csproj" Id="4d2c2044-0cd8-4a21-abba-178386341eb6" />
    <Project Path="ClassicPatterns/02StructuralPatterns/02BridgePattern/02BridgePattern.csproj" Id="1364b78b-22f8-4153-b4e5-e8a55e0236fa" />
    <Project Path="ClassicPatterns/02StructuralPatterns/03CompositePattern/03CompositePattern.csproj" />
    <Project Path="ClassicPatterns/02StructuralPatterns/04DecoratorPattern/04DecoratorPattern.csproj" Id="af550849-e2f2-47f1-9e20-a5067102efd6" />
    <Project Path="ClassicPatterns/02StructuralPatterns/05FacadePattern/05FacadePattern.csproj" Id="3d2f871f-88a0-4427-829f-20b3c3383bb7" />
    <Project Path="ClassicPatterns/02StructuralPatterns/06FlyweightPattern/06FlyweightPattern.csproj" Id="ad2ba7c0-f7ea-4586-8bfc-06cf4c4f0e09" />
    <Project Path="ClassicPatterns/02StructuralPatterns/07ProxyPattern/07ProxyPattern.csproj" Id="1730d1a0-415a-4bfa-88c1-1ac57d0b12da" />
  </Folder>
  <Folder Name="/ClassicPatterns/03BehavioralPatterns/">
    <Project Path="ClassicPatterns/03BehavioralPatterns/01ChainOfResponsbilityPattern/01ChainOfResponsbilityPattern.csproj" Id="180f38b7-9256-43f3-bb4f-3d757433f455" />
    <Project Path="ClassicPatterns/03BehavioralPatterns/02CommandPattern/02CommandPattern.csproj" Id="273de959-235e-4ad2-96f5-34720be3e333" />
    <Project Path="ClassicPatterns/03BehavioralPatterns/03MediatorPattern/03MediatorPattern.csproj" Id="fb6a9455-e2f6-481b-9f13-5382b8e7405e" />
    <Project Path="ClassicPatterns/03BehavioralPatterns/04ObserverPattern/04ObserverPattern.csproj" Id="0b3fa5db-7ccf-4a4f-95cb-edd0c7bef5ef" />
  </Folder>
  <Folder Name="/ModernPatterns/">
    <Project Path="ModernPatterns/01Middleware/01Middleware.csproj" Id="13740981-a6d9-46cd-af98-929ff42b6919" />
    <Project Path="ModernPatterns/02Channel/02Channel.csproj" Id="5fead262-84cf-41fc-9434-0437e484bd24" />
    <Project Path="ModernPatterns/04OptionsPattern/04OptionsPattern.csproj" Id="db428218-3f86-4b5d-9828-e0f6f88f21a5" />
    <Project Path="ModernPatterns/05ResultPattern/05ResultPattern.csproj" Id="60da8ab3-1b05-48e7-8545-9c9ad4f91cae" />
  </Folder>
  <Folder Name="/ModernPatterns/03CQRS/">
    <Project Path="ModernPatterns/03CQRS/03CQRS.Application/03CQRS.Application.csproj" Id="4c72b311-4a8d-4f3e-a6ad-8ac485f39134" />
    <Project Path="ModernPatterns/03CQRS/03CQRS.Domain/03CQRS.Domain.csproj" Id="ca93d24c-7aaf-460a-9e1a-1740bed494f9" />
    <Project Path="ModernPatterns/03CQRS/03CQRS.Infrastructure/03CQRS.Infrastructure.csproj" Id="4422139c-c080-48e9-ae4c-46a0fb44c37a" />
    <Project Path="ModernPatterns/03CQRS/03CQRS.WebAPI/03CQRS.WebAPI.csproj" Id="f25a67da-ad22-4d1f-a764-9552a1c5a77d" />
  </Folder>
  <Folder Name="/NET10Features/">
    <Project Path="NET10Features/NET10Features.WebAPI/NET10Features.WebAPI.csproj" Id="f585ef34-b4a5-4ab5-9c7e-c64d03b0536b" />
  </Folder>
  <Folder Name="/Solution Items/">
    <File Path="README.md" />
  </Folder>
</Solution>
